
Microsoft Visual Studio Solution File, Format Version 12.00
# Visual Studio Version 16
VisualStudioVersion = 16.0.31613.86
MinimumVisualStudioVersion = 10.0.40219.1
Project("{FAE04EC0-301F-11D3-BF4B-00C04F79EFBC}") = "ServiceStatusController", "ServiceStatusController\ServiceStatusController.csproj", "{54488597-5EA2-43E0-B803-AFD5DEA9F043}"
EndProject
Global
	GlobalSection(SolutionConfigurationPlatforms) = preSolution
		Debug|Any CPU = Debug|Any CPU
		Release|Any CPU = Release|Any CPU
	EndGlobalSection
	GlobalSection(ProjectConfigurationPlatforms) = postSolution
		{54488597-5EA2-43E0-B803-AFD5DEA9F043}.Debug|Any CPU.ActiveCfg = Debug|Any CPU
		{54488597-5EA2-43E0-B803-AFD5DEA9F043}.Debug|Any CPU.Build.0 = Debug|Any CPU
		{54488597-5EA2-43E0-B803-AFD5DEA9F043}.Release|Any CPU.ActiveCfg = Release|Any CPU
		{54488597-5EA2-43E0-B803-AFD5DEA9F043}.Release|Any CPU.Build.0 = Release|Any CPU
	EndGlobalSection
	GlobalSection(SolutionProperties) = preSolution
		HideSolutionNode = FALSE
	EndGlobalSection
	GlobalSection(ExtensibilityGlobals) = postSolution
		SolutionGuid = {357AD8D8-FFD3-432C-A4DB-B24EC5024E5A}
	EndGlobalSection
EndGlobal
